{
    "_meta": {
        "hash": {
            "sha256": "0421658ae9e462cf3aca5449e21254f351db21134e910fb89ca33e85e1b95d75"
        },
        "pipfile-spec": 6,
        "requires": {
            "python_version": "3.10"
        },
        "sources": [
            {
                "name": "pypi",
                "url": "https://pypi.org/simple",
                "verify_ssl": true
            }
        ]
    },
    "default": {
        "certifi": {
            "hashes": [
                "sha256:35824b4c3a97115964b408844d64aa14db1cc518f6562e8d7261699d1350a9e3",
                "sha256:4ad3232f5e926d6718ec31cfc1fcadfde020920e278684144551c91769c7bc18"
            ],
            "markers": "python_version >= '3.6'",
            "version": "==2022.12.7"
        },
        "charset-normalizer": {
            "hashes": [
                "sha256:5a3d016c7c547f69d6f81fb0db9449ce888b418b5b9952cc5e6e66843e9dd845",
                "sha256:83e9a75d1911279afd89352c68b45348559d1fc0506b054b346651b5e7fee29f"
            ],
            "markers": "python_version >= '3.6'",
            "version": "==2.1.1"
        },
        "cython": {
            "hashes": [
                "sha256:0168482495b75fea1c97a9641a95bac991f313e85f378003f9a4909fdeb3d454",
                "sha256:0455d5b92f461218bcf173a149a88b7396c3a109066274ccab5eff58db0eae32",
                "sha256:060a2568ef80116a0a9dcaf3218a61c6007be0e0b77c5752c094ce5187a4d63c",
                "sha256:090556e41f2b30427dd3a1628d3613177083f47567a30148b6b7b8c7a5862187",
                "sha256:0b53e017522feb8dcc2189cf1d2d344bab473c5bba5234390b5666d822992c7c",
                "sha256:1900d862a4a537d2125706740e9f3b016e80f7bbf7b54db6b3cc3d0bdf0f5c3a",
                "sha256:190e60b7505d3b9b60130bcc2251c01b9ef52603420829c19d3c3ede4ac2763a",
                "sha256:19c9913e9304bf97f1d2c357438895466f99aa2707d3c7a5e9de60c259e1ca1d",
                "sha256:1b507236ba3ca94170ce0a504dd03acf77307d4bfbc5a010a8031673f6b213a9",
                "sha256:1ca93bbe584aee92094fd4fb6acc5cb6500acf98d4f57cc59244f0a598b0fcf6",
                "sha256:1dd503408924723b0bb10c0013b76e324eeee42db6deced9b02b648f1415d94c",
                "sha256:286cdfb193e23799e113b7bd5ac74f58da5e9a77c70e3b645b078836b896b165",
                "sha256:37bfca4f9f26361343d8c678f8178321e4ae5b919523eed05d2cd8ddbe6b06ec",
                "sha256:49fb45b2bf12d6e2060bbd64506c06ac90e254f3a4bceb32c717f4964a1ae812",
                "sha256:4cadf5250eda0c5cdaf4c3a29b52be3e0695f4a2bf1ccd49b638d239752ea513",
                "sha256:4f88c2dc0653eef6468848eb8022faf64115b39734f750a1c01a7ba7eb04d89f",
                "sha256:5040764c4a4d2ce964a395da24f0d1ae58144995dab92c6b96f44c3f4d72286a",
                "sha256:5430f38d3d01c4715ec2aef5c41e02a2441c1c3a0149359c7a498e4c605b8e6c",
                "sha256:581efc0622a9be05714222f2b4ac96a5419de58d5949517282d8df38155c8b9d",
                "sha256:5bf5ffd96957a595441cca2fc78470d93fdc40dfe5449881b812ea6045d7e9be",
                "sha256:6b4e6481e3e7e4d345640fe2fdc6dc57c94369b467f3dc280949daa8e9fd13b9",
                "sha256:6b8bcbf8f1c3c46d6184be1e559e3a3fb8cdf27c6d507d8bc8ae04cfcbfd75f5",
                "sha256:8507279a4f86ed8365b96603d5ad155888d4d01b72a9bbf0615880feda5a11d4",
                "sha256:8b99252bde8ff51cd06a3fe4aeacd3af9b4ff4a4e6b701ac71bddc54f5da61d6",
                "sha256:959f0092d58e7fa00fd3434f7ff32fb78be7c2fa9f8e0096326343159477fe45",
                "sha256:a9863f8238642c0b1ef8069d99da5ade03bfe2225a64b00c5ae006d95f142a73",
                "sha256:a9b0b890656e9d18a18e1efe26ea3d2d0f3e525a07a2a853592b0afc56a15c89",
                "sha256:afc9b6ab20889676c76e700ae6967aa6886a7efe5b05ef6d5b744a6ca793cc43",
                "sha256:b5e8ce3039ff64000d58cd45b3f6f83e13f032dde7f27bb1ab96070d9213550b",
                "sha256:b67ddd32eaa2932a66bf8121accc36a7b3078593805519b0f00040f2b10a6a52",
                "sha256:bcb1a84fd2bd7885d572adc180e24fd8a7d4b0c104c144e33ccf84a1ab4eb2b8",
                "sha256:c4d315443c7f4c61180b6c3ea9a9717ee7c901cc9db8d1d46fdf6556613840ed",
                "sha256:d2019a7e54ba8b253f44411863b8f8c0b6cd623f7a92dc0ccb83892358c4283a",
                "sha256:d4457d417ffbb94abc42adcd63a03b24ff39cf090f3e9eca5e10cfb90766cbe3",
                "sha256:d78147ad8a3417ae6b371bbc5bfc6512f6ad4ad3fb71f5eef42e136e4ed14970",
                "sha256:da490129e1e4ffaf3f88bfb46d338549a2150f60f809a63d385b83e00960d11a",
                "sha256:dd96b06b93c0e5fa4fc526c5be37c13a93e2fe7c372b5f358277ebe9e1620957",
                "sha256:e8922fa3d7e76b7186bbd0810e170ca61f83661ab1b29dc75e88ff2327aaf49d",
                "sha256:f271f90005064c49b47a93f456dc6cf0a21d21ef835bd33ac1e0db10ad51f84f",
                "sha256:f67b7306fd00d55f271009335cecadc506d144205c7891070aad889928d85750"
            ],
            "index": "pypi",
            "version": "==0.29.33"
        },
        "docutils": {
            "hashes": [
                "sha256:33995a6753c30b7f577febfc2c50411fec6aac7f7ffeb7c4cfe5991072dcf9e6",
                "sha256:5e1de4d849fee02c63b040a4a3fd567f4ab104defd8a5511fbbc24a8a017efbc"
            ],
            "markers": "python_version >= '3.7'",
            "version": "==0.19"
        },
        "idna": {
            "hashes": [
                "sha256:814f528e8dead7d329833b91c5faa87d60bf71824cd12a7530b5526063d02cb4",
                "sha256:90b77e79eaa3eba6de819a0c442c0b4ceefc341a7a2ab77d7562bf49f425c5c2"
            ],
            "markers": "python_version >= '3.5'",
            "version": "==3.4"
        },
        "kaki": {
            "hashes": [
                "sha256:215e1b3e187a07ebfb6e067834ea5cc0c46520d9f65db080daf45fe4f280a47b",
                "sha256:bf7f988c160a4a92d15c5dbd953872c562bb8048911a4b499c62f2e12c05c0ed"
            ],
            "index": "pypi",
            "version": "==0.1.8"
        },
        "kivy": {
            "hashes": [
                "sha256:1c112bcfaf5caea8648563c7706e038cc51afc8f4b2e7c30088441505c9bd6e5",
                "sha256:222c1cae30a5f85b1ccf6bdab391a2a255a2acb3b891ce04037156109c7856f2",
                "sha256:260f88aff72ba2269e6733598e9081533072769ed0bec2d020a8bd010d1b6751",
                "sha256:2c834e90668b23ed7e4c725aead01b16ed347bc0747b3476d2e9eff5c36ce0a6",
                "sha256:2f7d5c3b71a73a41b73a79f3dd059c2177d0711ddff63292595d8e6204bd8d8a",
                "sha256:38776f17aad1dc93133b997a7492999a1169ab09db56735ee5bfe300e01b01af",
                "sha256:3a16f3ba3b70d5e7943d7ee5c4cbbd52bc4675f38da4bf2b3005c1639d6c04b3",
                "sha256:3f3067ec3cbd8616ce5dbc06a561df4862f8f37b20167885137102eb5254d890",
                "sha256:591e06bc8cb4c71c0eed756fc21491513fd71edfc79b8d5f7b229c5e6930a767",
                "sha256:5936bec77659b7774100094462ee124684235572ddc5177e47f99ec9a9ecba84",
                "sha256:6b0836ff99bce926a1d8ce8335c3ccf80459419fff7e0b0d56b386990a847d6a",
                "sha256:8bc76c8d91d1b57f7d2bc859e66dc0736d42c192600b0077ad6a7d18c2ed922d",
                "sha256:8eca96611980bb5ee4288469653f2d052082e2363df0b5d68c431f21bbc3d069",
                "sha256:a680aae60ecde4dd8657579c1137f581f07ead61699a53311b933aa7361eda40",
                "sha256:c24ca9669e941cb0551a67e23583dbbecff02f4829b3016df85a1a4378a1f854",
                "sha256:d533947bf5126e6c808a994032af4116264fb302b48cfd88312d1750ef5bf236",
                "sha256:ee3427c3bfdbfad07e663cf77db7461eed986e1e8e6995ebb532dc4eb5e13fc2",
                "sha256:eec5c58b82a23c15b70f687f161450a310b0c99075e1e425a00b2e096cec5261",
                "sha256:ef3e59315e10a01a9955e45c5a422f558c7a2495ae2a66c78d68caa6863b1572",
                "sha256:f81618278f18e5a2ba4f7d5d09c231a1d58a89df50f82c5d71f6baf057f4dac3",
                "sha256:fccae9301048e0d1e31443eeb08ab9cd66e91afe59d0474c067f1d838bce04b5"
            ],
            "index": "pypi",
            "version": "==2.1.0"
        },
        "kivy-garden": {
            "hashes": [
                "sha256:2b8377378e87501d5d271f33d94f0e44c089884572c64f89c9d609b1f86a2748",
                "sha256:ef50f44b96358cf10ac5665f27a4751bb34ef54051c54b93af891f80afe42929"
            ],
            "version": "==0.1.5"
        },
        "numpy": {
            "hashes": [
                "sha256:0044f7d944ee882400890f9ae955220d29b33d809a038923d88e4e01d652acd9",
                "sha256:0e3463e6ac25313462e04aea3fb8a0a30fb906d5d300f58b3bc2c23da6a15398",
                "sha256:179a7ef0889ab769cc03573b6217f54c8bd8e16cef80aad369e1e8185f994cd7",
                "sha256:2386da9a471cc00a1f47845e27d916d5ec5346ae9696e01a8a34760858fe9dd2",
                "sha256:26089487086f2648944f17adaa1a97ca6aee57f513ba5f1c0b7ebdabbe2b9954",
                "sha256:28bc9750ae1f75264ee0f10561709b1462d450a4808cd97c013046073ae64ab6",
                "sha256:28e418681372520c992805bb723e29d69d6b7aa411065f48216d8329d02ba032",
                "sha256:442feb5e5bada8408e8fcd43f3360b78683ff12a4444670a7d9e9824c1817d36",
                "sha256:6ec0c021cd9fe732e5bab6401adea5a409214ca5592cd92a114f7067febcba0c",
                "sha256:7094891dcf79ccc6bc2a1f30428fa5edb1e6fb955411ffff3401fb4ea93780a8",
                "sha256:84e789a085aabef2f36c0515f45e459f02f570c4b4c4c108ac1179c34d475ed7",
                "sha256:87a118968fba001b248aac90e502c0b13606721b1343cdaddbc6e552e8dfb56f",
                "sha256:8e669fbdcdd1e945691079c2cae335f3e3a56554e06bbd45d7609a6cf568c700",
                "sha256:ad2925567f43643f51255220424c23d204024ed428afc5aad0f86f3ffc080086",
                "sha256:b0677a52f5d896e84414761531947c7a330d1adc07c3a4372262f25d84af7bf7",
                "sha256:b07b40f5fb4fa034120a5796288f24c1fe0e0580bbfff99897ba6267af42def2",
                "sha256:b09804ff570b907da323b3d762e74432fb07955701b17b08ff1b5ebaa8cfe6a9",
                "sha256:b162ac10ca38850510caf8ea33f89edcb7b0bb0dfa5592d59909419986b72407",
                "sha256:b31da69ed0c18be8b77bfce48d234e55d040793cebb25398e2a7d84199fbc7e2",
                "sha256:caf65a396c0d1f9809596be2e444e3bd4190d86d5c1ce21f5fc4be60a3bc5b36",
                "sha256:cfa1161c6ac8f92dea03d625c2d0c05e084668f4a06568b77a25a89111621566",
                "sha256:dae46bed2cb79a58d6496ff6d8da1e3b95ba09afeca2e277628171ca99b99db1",
                "sha256:ddc7ab52b322eb1e40521eb422c4e0a20716c271a306860979d450decbb51b8e",
                "sha256:de92efa737875329b052982e37bd4371d52cabf469f83e7b8be9bb7752d67e51",
                "sha256:e274f0f6c7efd0d577744f52032fdd24344f11c5ae668fe8d01aac0422611df1",
                "sha256:ed5fb71d79e771ec930566fae9c02626b939e37271ec285e9efaf1b5d4370e7d",
                "sha256:ef85cf1f693c88c1fd229ccd1055570cb41cdf4875873b7728b6301f12cd05bf",
                "sha256:f1b739841821968798947d3afcefd386fa56da0caf97722a5de53e07c4ccedc7"
            ],
            "markers": "python_version >= '3.8'",
            "version": "==1.24.1"
        },
        "pygments": {
            "hashes": [
                "sha256:b3ed06a9e8ac9a9aae5a6f5dbe78a8a58655d17b43b93c078f094ddc476ae297",
                "sha256:fa7bd7bd2771287c0de303af8bfdfc731f51bd2c6a47ab69d117138893b82717"
            ],
            "markers": "python_version >= '3.6'",
            "version": "==2.14.0"
        },
        "requests": {
            "hashes": [
                "sha256:7c5599b102feddaa661c826c56ab4fee28bfd17f5abca1ebbe3e7f19d7c97983",
                "sha256:8fefa2a1a1365bf5520aac41836fbee479da67864514bdb821f31ce07ce65349"
            ],
            "markers": "python_version >= '3.7' and python_version < '4'",
            "version": "==2.28.1"
        },
        "scipy": {
            "hashes": [
                "sha256:0490dc499fe23e4be35b8b6dd1e60a4a34f0c4adb30ac671e6332446b3cbbb5a",
                "sha256:0ab2a58064836632e2cec31ca197d3695c86b066bc4818052b3f5381bfd2a728",
                "sha256:151f066fe7d6653c3ffefd489497b8fa66d7316e3e0d0c0f7ff6acca1b802809",
                "sha256:16ba05d3d1b9f2141004f3f36888e05894a525960b07f4c2bfc0456b955a00be",
                "sha256:27e548276b5a88b51212b61f6dda49a24acf5d770dff940bd372b3f7ced8c6c2",
                "sha256:2ad449db4e0820e4b42baccefc98ec772ad7818dcbc9e28b85aa05a536b0f1a2",
                "sha256:2f9ea0a37aca111a407cb98aa4e8dfde6e5d9333bae06dfa5d938d14c80bb5c3",
                "sha256:38bfbd18dcc69eeb589811e77fae552fa923067fdfbb2e171c9eac749885f210",
                "sha256:3afcbddb4488ac950ce1147e7580178b333a29cd43524c689b2e3543a080a2c8",
                "sha256:42ab8b9e7dc1ebe248e55f54eea5307b6ab15011a7883367af48dd781d1312e4",
                "sha256:441cab2166607c82e6d7a8683779cb89ba0f475b983c7e4ab88f3668e268c143",
                "sha256:4bd0e3278126bc882d10414436e58fa3f1eca0aa88b534fcbf80ed47e854f46c",
                "sha256:4df25a28bd22c990b22129d3c637fd5c3be4b7c94f975dca909d8bab3309b694",
                "sha256:5cd7a30970c29d9768a7164f564d1fbf2842bfc77b7d114a99bc32703ce0bf48",
                "sha256:6e4497e5142f325a5423ff5fda2fff5b5d953da028637ff7c704378c8c284ea7",
                "sha256:6faf86ef7717891195ae0537e48da7524d30bc3b828b30c9b115d04ea42f076f",
                "sha256:954ff69d2d1bf666b794c1d7216e0a746c9d9289096a64ab3355a17c7c59db54",
                "sha256:9b878c671655864af59c108c20e4da1e796154bd78c0ed6bb02bc41c84625686",
                "sha256:b901b423c91281a974f6cd1c36f5c6c523e665b5a6d5e80fcb2334e14670eefd",
                "sha256:c8b3cbc636a87a89b770c6afc999baa6bcbb01691b5ccbbc1b1791c7c0a07540",
                "sha256:e096b062d2efdea57f972d232358cb068413dc54eec4f24158bcbb5cb8bddfd8"
            ],
            "index": "pypi",
            "version": "==1.10.0"
        },
        "urllib3": {
            "hashes": [
                "sha256:47cc05d99aaa09c9e72ed5809b60e7ba354e64b59c9c173ac3018642d8bb41fc",
                "sha256:c083dd0dce68dbfbe1129d5271cb90f9447dea7d52097c6e0126120c521ddea8"
            ],
            "markers": "python_version >= '2.7' and python_version not in '3.0, 3.1, 3.2, 3.3, 3.4, 3.5'",
            "version": "==1.26.13"
        },
        "watchdog": {
            "hashes": [
                "sha256:102a60093090fc3ff76c983367b19849b7cc24ec414a43c0333680106e62aae1",
                "sha256:17f1708f7410af92ddf591e94ae71a27a13974559e72f7e9fde3ec174b26ba2e",
                "sha256:195ab1d9d611a4c1e5311cbf42273bc541e18ea8c32712f2fb703cfc6ff006f9",
                "sha256:4cb5ecc332112017fbdb19ede78d92e29a8165c46b68a0b8ccbd0a154f196d5e",
                "sha256:5100eae58133355d3ca6c1083a33b81355c4f452afa474c2633bd2fbbba398b3",
                "sha256:61fdb8e9c57baf625e27e1420e7ca17f7d2023929cd0065eb79c83da1dfbeacd",
                "sha256:6ccd8d84b9490a82b51b230740468116b8205822ea5fdc700a553d92661253a3",
                "sha256:6e01d699cd260d59b84da6bda019dce0a3353e3fcc774408ae767fe88ee096b7",
                "sha256:748ca797ff59962e83cc8e4b233f87113f3cf247c23e6be58b8a2885c7337aa3",
                "sha256:83a7cead445008e880dbde833cb9e5cc7b9a0958edb697a96b936621975f15b9",
                "sha256:8586d98c494690482c963ffb24c49bf9c8c2fe0589cec4dc2f753b78d1ec301d",
                "sha256:8b5cde14e5c72b2df5d074774bdff69e9b55da77e102a91f36ef26ca35f9819c",
                "sha256:8c28c23972ec9c524967895ccb1954bc6f6d4a557d36e681a36e84368660c4ce",
                "sha256:967636031fa4c4955f0f3f22da3c5c418aa65d50908d31b73b3b3ffd66d60640",
                "sha256:96cbeb494e6cbe3ae6aacc430e678ce4b4dd3ae5125035f72b6eb4e5e9eb4f4e",
                "sha256:978a1aed55de0b807913b7482d09943b23a2d634040b112bdf31811a422f6344",
                "sha256:a09483249d25cbdb4c268e020cb861c51baab2d1affd9a6affc68ffe6a231260",
                "sha256:a480d122740debf0afac4ddd583c6c0bb519c24f817b42ed6f850e2f6f9d64a8",
                "sha256:adaf2ece15f3afa33a6b45f76b333a7da9256e1360003032524d61bdb4c422ae",
                "sha256:bc43c1b24d2f86b6e1cc15f68635a959388219426109233e606517ff7d0a5a73",
                "sha256:c27d8c1535fd4474e40a4b5e01f4ba6720bac58e6751c667895cbc5c8a7af33c",
                "sha256:cdcc23c9528601a8a293eb4369cbd14f6b4f34f07ae8769421252e9c22718b6f",
                "sha256:cece1aa596027ff56369f0b50a9de209920e1df9ac6d02c7f9e5d8162eb4f02b",
                "sha256:d0f29fd9f3f149a5277929de33b4f121a04cf84bb494634707cfa8ea8ae106a8",
                "sha256:d6b87477752bd86ac5392ecb9eeed92b416898c30bd40c7e2dd03c3146105646",
                "sha256:e038be858425c4f621900b8ff1a3a1330d9edcfeaa1c0468aeb7e330fb87693e",
                "sha256:e618a4863726bc7a3c64f95c218437f3349fb9d909eb9ea3a1ed3b567417c661",
                "sha256:f8ac23ff2c2df4471a61af6490f847633024e5aa120567e08d07af5718c9d092"
            ],
            "index": "pypi",
            "version": "==2.2.1"
        }
    },
    "develop": {}
}
